
Microsoft Visual Studio Solution File, Format Version 12.00
# Visual Studio Version 16
VisualStudioVersion = 16.0.31105.61
MinimumVisualStudioVersion = 10.0.40219.1
Project("{FAE04EC0-301F-11D3-BF4B-00C04F79EFBC}") = "BabelFishies Start", "BabelFishies Start.csproj", "{DD708B26-E039-4BD3-B8A0-5DFB0F60FECD}"
EndProject
Global
	GlobalSection(SolutionConfigurationPlatforms) = preSolution
		Debug|Any CPU = Debug|Any CPU
		Release|Any CPU = Release|Any CPU
	EndGlobalSection
	GlobalSection(ProjectConfigurationPlatforms) = postSolution
		{DD708B26-E039-4BD3-B8A0-5DFB0F60FECD}.Debug|Any CPU.ActiveCfg = Debug|Any CPU
		{DD708B26-E039-4BD3-B8A0-5DFB0F60FECD}.Debug|Any CPU.Build.0 = Debug|Any CPU
		{DD708B26-E039-4BD3-B8A0-5DFB0F60FECD}.Release|Any CPU.ActiveCfg = Release|Any CPU
		{DD708B26-E039-4BD3-B8A0-5DFB0F60FECD}.Release|Any CPU.Build.0 = Release|Any CPU
	EndGlobalSection
	GlobalSection(SolutionProperties) = preSolution
		HideSolutionNode = FALSE
	EndGlobalSection
	GlobalSection(ExtensibilityGlobals) = postSolution
		SolutionGuid = {8CDC0392-B214-4ADC-A916-7DA4B8CF70B1}
	EndGlobalSection
EndGlobal
