
Microsoft Visual Studio Solution File, Format Version 12.00
# Visual Studio Version 16
VisualStudioVersion = 16.0.30804.86
MinimumVisualStudioVersion = 10.0.40219.1
Project("{9A19103F-16F7-4668-BE54-9A1E7A4F7556}") = "FishFood", "FishFood\FishFood.csproj", "{3AB9184E-83B2-4091-931E-85B71193B243}"
EndProject
Global
	GlobalSection(SolutionConfigurationPlatforms) = preSolution
		Debug|Any CPU = Debug|Any CPU
		Release|Any CPU = Release|Any CPU
	EndGlobalSection
	GlobalSection(ProjectConfigurationPlatforms) = postSolution
		{3AB9184E-83B2-4091-931E-85B71193B243}.Debug|Any CPU.ActiveCfg = Debug|Any CPU
		{3AB9184E-83B2-4091-931E-85B71193B243}.Debug|Any CPU.Build.0 = Debug|Any CPU
		{3AB9184E-83B2-4091-931E-85B71193B243}.Release|Any CPU.ActiveCfg = Release|Any CPU
		{3AB9184E-83B2-4091-931E-85B71193B243}.Release|Any CPU.Build.0 = Release|Any CPU
	EndGlobalSection
	GlobalSection(SolutionProperties) = preSolution
		HideSolutionNode = FALSE
	EndGlobalSection
	GlobalSection(ExtensibilityGlobals) = postSolution
		SolutionGuid = {DD70208C-53CD-42E8-A070-63DF22B71830}
	EndGlobalSection
EndGlobal
